
Microsoft Visual Studio Solution File, Format Version 12.00
# Visual Studio Version 17
VisualStudioVersion = 17.10.35027.167
MinimumVisualStudioVersion = 10.0.40219.1
Project("{FAE04EC0-301F-11D3-BF4B-00C04F79EFBC}") = "FinalRealEstateAPI", "FinalRealEstateAPI\FinalRealEstateAPI.csproj", "{8A2A9591-D3EB-4BBC-B452-9001C52FA384}"
EndProject
Project("{FAE04EC0-301F-11D3-BF4B-00C04F79EFBC}") = "DataAccess", "DataAccess\DataAccess.csproj", "{8E892A30-C118-498F-8D0E-0E60B833A64D}"
EndProject
Project("{FAE04EC0-301F-11D3-BF4B-00C04F79EFBC}") = "Services", "Services\Services.csproj", "{2EA69EB8-990A-47BE-A916-AA4FFA107B39}"
EndProject
Global
	GlobalSection(SolutionConfigurationPlatforms) = preSolution
		Debug|Any CPU = Debug|Any CPU
		Release|Any CPU = Release|Any CPU
	EndGlobalSection
	GlobalSection(ProjectConfigurationPlatforms) = postSolution
		{8A2A9591-D3EB-4BBC-B452-9001C52FA384}.Debug|Any CPU.ActiveCfg = Debug|Any CPU
		{8A2A9591-D3EB-4BBC-B452-9001C52FA384}.Debug|Any CPU.Build.0 = Debug|Any CPU
		{8A2A9591-D3EB-4BBC-B452-9001C52FA384}.Release|Any CPU.ActiveCfg = Release|Any CPU
		{8A2A9591-D3EB-4BBC-B452-9001C52FA384}.Release|Any CPU.Build.0 = Release|Any CPU
		{8E892A30-C118-498F-8D0E-0E60B833A64D}.Debug|Any CPU.ActiveCfg = Debug|Any CPU
		{8E892A30-C118-498F-8D0E-0E60B833A64D}.Debug|Any CPU.Build.0 = Debug|Any CPU
		{8E892A30-C118-498F-8D0E-0E60B833A64D}.Release|Any CPU.ActiveCfg = Release|Any CPU
		{8E892A30-C118-498F-8D0E-0E60B833A64D}.Release|Any CPU.Build.0 = Release|Any CPU
		{2EA69EB8-990A-47BE-A916-AA4FFA107B39}.Debug|Any CPU.ActiveCfg = Debug|Any CPU
		{2EA69EB8-990A-47BE-A916-AA4FFA107B39}.Debug|Any CPU.Build.0 = Debug|Any CPU
		{2EA69EB8-990A-47BE-A916-AA4FFA107B39}.Release|Any CPU.ActiveCfg = Release|Any CPU
		{2EA69EB8-990A-47BE-A916-AA4FFA107B39}.Release|Any CPU.Build.0 = Release|Any CPU
	EndGlobalSection
	GlobalSection(SolutionProperties) = preSolution
		HideSolutionNode = FALSE
	EndGlobalSection
	GlobalSection(ExtensibilityGlobals) = postSolution
		SolutionGuid = {4D240B84-65B9-4374-B1A1-5EBEF8BCEB5B}
	EndGlobalSection
EndGlobal
